// !$*UTF8*$!
{
	archiveVersion = 1;
	classes = {
	};
	objectVersion = 46;
	objects = {

/* Begin PBXBuildFile section */
		6DA0A61B19433463001EBF83 /* Foundation.framework in Frameworks */ = {isa = PBXBuildFile; fileRef = 6DA0A61A19433463001EBF83 /* Foundation.framework */; };
		6DA0A61D19433463001EBF83 /* CoreGraphics.framework in Frameworks */ = {isa = PBXBuildFile; fileRef = 6DA0A61C19433463001EBF83 /* CoreGraphics.framework */; };
		6DA0A61F19433463001EBF83 /* UIKit.framework in Frameworks */ = {isa = PBXBuildFile; fileRef = 6DA0A61E19433463001EBF83 /* UIKit.framework */; };
		6DA0A62519433463001EBF83 /* InfoPlist.strings in Resources */ = {isa = PBXBuildFile; fileRef = 6DA0A62319433463001EBF83 /* InfoPlist.strings */; };
		6DA0A62719433463001EBF83 /* main.m in Sources */ = {isa = PBXBuildFile; fileRef = 6DA0A62619433463001EBF83 /* main.m */; };
		6DA0A62B19433463001EBF83 /* cls_AppDelegate.m in Sources */ = {isa = PBXBuildFile; fileRef = 6DA0A62A19433463001EBF83 /* cls_AppDelegate.m */; };
		6DA0A62D19433463001EBF83 /* Images.xcassets in Resources */ = {isa = PBXBuildFile; fileRef = 6DA0A62C19433463001EBF83 /* Images.xcassets */; };
		6DA0A63419433463001EBF83 /* XCTest.framework in Frameworks */ = {isa = PBXBuildFile; fileRef = 6DA0A63319433463001EBF83 /* XCTest.framework */; };
		6DA0A63519433463001EBF83 /* Foundation.framework in Frameworks */ = {isa = PBXBuildFile; fileRef = 6DA0A61A19433463001EBF83 /* Foundation.framework */; };
		6DA0A63619433463001EBF83 /* UIKit.framework in Frameworks */ = {isa = PBXBuildFile; fileRef = 6DA0A61E19433463001EBF83 /* UIKit.framework */; };
		6DA0A63E19433463001EBF83 /* InfoPlist.strings in Resources */ = {isa = PBXBuildFile; fileRef = 6DA0A63C19433463001EBF83 /* InfoPlist.strings */; };
		6DA0A64019433463001EBF83 /* t2Tests.m in Sources */ = {isa = PBXBuildFile; fileRef = 6DA0A63F19433463001EBF83 /* t2Tests.m */; };
/* End PBXBuildFile section */

/* Begin PBXContainerItemProxy section */
		6DA0A63719433463001EBF83 /* PBXContainerItemProxy */ = {
			isa = PBXContainerItemProxy;
			containerPortal = 6DA0A60F19433463001EBF83 /* Project object */;
			proxyType = 1;
			remoteGlobalIDString = 6DA0A61619433463001EBF83;
			remoteInfo = t2;
		};
/* End PBXContainerItemProxy section */

/* Begin PBXFileReference section */
		6DA0A61719433463001EBF83 /* t2.app */ = {isa = PBXFileReference; explicitFileType = wrapper.application; includeInIndex = 0; path = t2.app; sourceTree = BUILT_PRODUCTS_DIR; };
		6DA0A61A19433463001EBF83 /* Foundation.framework */ = {isa = PBXFileReference; lastKnownFileType = wrapper.framework; name = Foundation.framework; path = System/Library/Frameworks/Foundation.framework; sourceTree = SDKROOT; };
		6DA0A61C19433463001EBF83 /* CoreGraphics.framework */ = {isa = PBXFileReference; lastKnownFileType = wrapper.framework; name = CoreGraphics.framework; path = System/Library/Frameworks/CoreGraphics.framework; sourceTree = SDKROOT; };
		6DA0A61E19433463001EBF83 /* UIKit.framework */ = {isa = PBXFileReference; lastKnownFileType = wrapper.framework; name = UIKit.framework; path = System/Library/Frameworks/UIKit.framework; sourceTree = SDKROOT; };
		6DA0A62219433463001EBF83 /* t2-Info.plist */ = {isa = PBXFileReference; lastKnownFileType = text.plist.xml; path = "t2-Info.plist"; sourceTree = "<group>"; };
		6DA0A62419433463001EBF83 /* en */ = {isa = PBXFileReference; lastKnownFileType = text.plist.strings; name = en; path = en.lproj/InfoPlist.strings; sourceTree = "<group>"; };
		6DA0A62619433463001EBF83 /* main.m */ = {isa = PBXFileReference; lastKnownFileType = sourcecode.c.objc; path = main.m; sourceTree = "<group>"; };
		6DA0A62819433463001EBF83 /* t2-Prefix.pch */ = {isa = PBXFileReference; lastKnownFileType = sourcecode.c.h; path = "t2-Prefix.pch"; sourceTree = "<group>"; };
		6DA0A62919433463001EBF83 /* cls_AppDelegate.h */ = {isa = PBXFileReference; lastKnownFileType = sourcecode.c.h; path = cls_AppDelegate.h; sourceTree = "<group>"; };
		6DA0A62A19433463001EBF83 /* cls_AppDelegate.m */ = {isa = PBXFileReference; lastKnownFileType = sourcecode.c.objc; path = cls_AppDelegate.m; sourceTree = "<group>"; };
		6DA0A62C19433463001EBF83 /* Images.xcassets */ = {isa = PBXFileReference; lastKnownFileType = folder.assetcatalog; path = Images.xcassets; sourceTree = "<group>"; };
		6DA0A63219433463001EBF83 /* t2Tests.xctest */ = {isa = PBXFileReference; explicitFileType = wrapper.cfbundle; includeInIndex = 0; path = t2Tests.xctest; sourceTree = BUILT_PRODUCTS_DIR; };
		6DA0A63319433463001EBF83 /* XCTest.framework */ = {isa = PBXFileReference; lastKnownFileType = wrapper.framework; name = XCTest.framework; path = Library/Frameworks/XCTest.framework; sourceTree = DEVELOPER_DIR; };
		6DA0A63B19433463001EBF83 /* t2Tests-Info.plist */ = {isa = PBXFileReference; lastKnownFileType = text.plist.xml; path = "t2Tests-Info.plist"; sourceTree = "<group>"; };
		6DA0A63D19433463001EBF83 /* en */ = {isa = PBXFileReference; lastKnownFileType = text.plist.strings; name = en; path = en.lproj/InfoPlist.strings; sourceTree = "<group>"; };
		6DA0A63F19433463001EBF83 /* t2Tests.m */ = {isa = PBXFileReference; lastKnownFileType = sourcecode.c.objc; path = t2Tests.m; sourceTree = "<group>"; };
/* End PBXFileReference section */

/* Begin PBXFrameworksBuildPhase section */
		6DA0A61419433463001EBF83 /* Frameworks */ = {
			isa = PBXFrameworksBuildPhase;
			buildActionMask = 2147483647;
			files = (
				6DA0A61D19433463001EBF83 /* CoreGraphics.framework in Frameworks */,
				6DA0A61F19433463001EBF83 /* UIKit.framework in Frameworks */,
				6DA0A61B19433463001EBF83 /* Foundation.framework in Frameworks */,
			);
			runOnlyForDeploymentPostprocessing = 0;
		};
		6DA0A62F19433463001EBF83 /* Frameworks */ = {
			isa = PBXFrameworksBuildPhase;
			buildActionMask = 2147483647;
			files = (
				6DA0A63419433463001EBF83 /* XCTest.framework in Frameworks */,
				6DA0A63619433463001EBF83 /* UIKit.framework in Frameworks */,
				6DA0A63519433463001EBF83 /* Foundation.framework in Frameworks */,
			);
			runOnlyForDeploymentPostprocessing = 0;
		};
/* End PBXFrameworksBuildPhase section */

/* Begin PBXGroup section */
		6DA0A60E19433463001EBF83 = {
			isa = PBXGroup;
			children = (
				6DA0A62019433463001EBF83 /* t2 */,
				6DA0A63919433463001EBF83 /* t2Tests */,
				6DA0A61919433463001EBF83 /* Frameworks */,
				6DA0A61819433463001EBF83 /* Products */,
			);
			sourceTree = "<group>";
		};
		6DA0A61819433463001EBF83 /* Products */ = {
			isa = PBXGroup;
			children = (
				6DA0A61719433463001EBF83 /* t2.app */,
				6DA0A63219433463001EBF83 /* t2Tests.xctest */,
			);
			name = Products;
			sourceTree = "<group>";
		};
		6DA0A61919433463001EBF83 /* Frameworks */ = {
			isa = PBXGroup;
			children = (
				6DA0A61A19433463001EBF83 /* Foundation.framework */,
				6DA0A61C19433463001EBF83 /* CoreGraphics.framework */,
				6DA0A61E19433463001EBF83 /* UIKit.framework */,
				6DA0A63319433463001EBF83 /* XCTest.framework */,
			);
			name = Frameworks;
			sourceTree = "<group>";
		};
		6DA0A62019433463001EBF83 /* t2 */ = {
			isa = PBXGroup;
			children = (
				6DA0A62919433463001EBF83 /* cls_AppDelegate.h */,
				6DA0A62A19433463001EBF83 /* cls_AppDelegate.m */,
				6DA0A62C19433463001EBF83 /* Images.xcassets */,
				6DA0A62119433463001EBF83 /* Supporting Files */,
			);
			path = t2;
			sourceTree = "<group>";
		};
		6DA0A62119433463001EBF83 /* Supporting Files */ = {
			isa = PBXGroup;
			children = (
				6DA0A62219433463001EBF83 /* t2-Info.plist */,
				6DA0A62319433463001EBF83 /* InfoPlist.strings */,
				6DA0A62619433463001EBF83 /* main.m */,
				6DA0A62819433463001EBF83 /* t2-Prefix.pch */,
			);
			name = "Supporting Files";
			sourceTree = "<group>";
		};
		6DA0A63919433463001EBF83 /* t2Tests */ = {
			isa = PBXGroup;
			children = (
				6DA0A63F19433463001EBF83 /* t2Tests.m */,
				6DA0A63A19433463001EBF83 /* Supporting Files */,
			);
			path = t2Tests;
			sourceTree = "<group>";
		};
		6DA0A63A19433463001EBF83 /* Supporting Files */ = {
			isa = PBXGroup;
			children = (
				6DA0A63B19433463001EBF83 /* t2Tests-Info.plist */,
				6DA0A63C19433463001EBF83 /* InfoPlist.strings */,
			);
			name = "Supporting Files";
			sourceTree = "<group>";
		};
/* End PBXGroup section */

/* Begin PBXNativeTarget section */
		6DA0A61619433463001EBF83 /* t2 */ = {
			isa = PBXNativeTarget;
			buildConfigurationList = 6DA0A64319433463001EBF83 /* Build configuration list for PBXNativeTarget "t2" */;
			buildPhases = (
				6DA0A61319433463001EBF83 /* Sources */,
				6DA0A61419433463001EBF83 /* Frameworks */,
				6DA0A61519433463001EBF83 /* Resources */,
			);
			buildRules = (
			);
			dependencies = (
			);
			name = t2;
			productName = t2;
			productReference = 6DA0A61719433463001EBF83 /* t2.app */;
			productType = "com.apple.product-type.application";
		};
		6DA0A63119433463001EBF83 /* t2Tests */ = {
			isa = PBXNativeTarget;
			buildConfigurationList = 6DA0A64619433463001EBF83 /* Build configuration list for PBXNativeTarget "t2Tests" */;
			buildPhases = (
				6DA0A62E19433463001EBF83 /* Sources */,
				6DA0A62F19433463001EBF83 /* Frameworks */,
				6DA0A63019433463001EBF83 /* Resources */,
			);
			buildRules = (
			);
			dependencies = (
				6DA0A63819433463001EBF83 /* PBXTargetDependency */,
			);
			name = t2Tests;
			productName = t2Tests;
			productReference = 6DA0A63219433463001EBF83 /* t2Tests.xctest */;
			productType = "com.apple.product-type.bundle.unit-test";
		};
/* End PBXNativeTarget section */

/* Begin PBXProject section */
		6DA0A60F19433463001EBF83 /* Project object */ = {
			isa = PBXProject;
			attributes = {
				CLASSPREFIX = cls_;
				LastUpgradeCheck = 0510;
				ORGANIZATIONNAME = WAGmob;
				TargetAttributes = {
					6DA0A63119433463001EBF83 = {
						TestTargetID = 6DA0A61619433463001EBF83;
					};
				};
			};
			buildConfigurationList = 6DA0A61219433463001EBF83 /* Build configuration list for PBXProject "t2" */;
			compatibilityVersion = "Xcode 3.2";
			developmentRegion = English;
			hasScannedForEncodings = 0;
			knownRegions = (
				en,
			);
			mainGroup = 6DA0A60E19433463001EBF83;
			productRefGroup = 6DA0A61819433463001EBF83 /* Products */;
			projectDirPath = "";
			projectRoot = "";
			targets = (
				6DA0A61619433463001EBF83 /* t2 */,
				6DA0A63119433463001EBF83 /* t2Tests */,
			);
		};
/* End PBXProject section */

/* Begin PBXResourcesBuildPhase section */
		6DA0A61519433463001EBF83 /* Resources */ = {
			isa = PBXResourcesBuildPhase;
			buildActionMask = 2147483647;
			files = (
				6DA0A62519433463001EBF83 /* InfoPlist.strings in Resources */,
				6DA0A62D19433463001EBF83 /* Images.xcassets in Resources */,
			);
			runOnlyForDeploymentPostprocessing = 0;
		};
		6DA0A63019433463001EBF83 /* Resources */ = {
			isa = PBXResourcesBuildPhase;
			buildActionMask = 2147483647;
			files = (
				6DA0A63E19433463001EBF83 /* InfoPlist.strings in Resources */,
			);
			runOnlyForDeploymentPostprocessing = 0;
		};
/* End PBXResourcesBuildPhase section */

/* Begin PBXSourcesBuildPhase section */
		6DA0A61319433463001EBF83 /* Sources */ = {
			isa = PBXSourcesBuildPhase;
			buildActionMask = 2147483647;
			files = (
				6DA0A62719433463001EBF83 /* main.m in Sources */,
				6DA0A62B19433463001EBF83 /* cls_AppDelegate.m in Sources */,
			);
			runOnlyForDeploymentPostprocessing = 0;
		};
		6DA0A62E19433463001EBF83 /* Sources */ = {
			isa = PBXSourcesBuildPhase;
			buildActionMask = 2147483647;
			files = (
				6DA0A64019433463001EBF83 /* t2Tests.m in Sources */,
			);
			runOnlyForDeploymentPostprocessing = 0;
		};
/* End PBXSourcesBuildPhase section */

/* Begin PBXTargetDependency section */
		6DA0A63819433463001EBF83 /* PBXTargetDependency */ = {
			isa = PBXTargetDependency;
			target = 6DA0A61619433463001EBF83 /* t2 */;
			targetProxy = 6DA0A63719433463001EBF83 /* PBXContainerItemProxy */;
		};
/* End PBXTargetDependency section */

/* Begin PBXVariantGroup section */
		6DA0A62319433463001EBF83 /* InfoPlist.strings */ = {
			isa = PBXVariantGroup;
			children = (
				6DA0A62419433463001EBF83 /* en */,
			);
			name = InfoPlist.strings;
			sourceTree = "<group>";
		};
		6DA0A63C19433463001EBF83 /* InfoPlist.strings */ = {
			isa = PBXVariantGroup;
			children = (
				6DA0A63D19433463001EBF83 /* en */,
			);
			name = InfoPlist.strings;
			sourceTree = "<group>";
		};
/* End PBXVariantGroup section */

/* Begin XCBuildConfiguration section */
		6DA0A64119433463001EBF83 /* Debug */ = {
			isa = XCBuildConfiguration;
			buildSettings = {
				ALWAYS_SEARCH_USER_PATHS = NO;
				CLANG_CXX_LANGUAGE_STANDARD = "gnu++0x";
				CLANG_CXX_LIBRARY = "libc++";
				CLANG_ENABLE_MODULES = YES;
				CLANG_ENABLE_OBJC_ARC = YES;
				CLANG_WARN_BOOL_CONVERSION = YES;
				CLANG_WARN_CONSTANT_CONVERSION = YES;
				CLANG_WARN_DIRECT_OBJC_ISA_USAGE = YES_ERROR;
				CLANG_WARN_EMPTY_BODY = YES;
				CLANG_WARN_ENUM_CONVERSION = YES;
				CLANG_WARN_INT_CONVERSION = YES;
				CLANG_WARN_OBJC_ROOT_CLASS = YES_ERROR;
				CLANG_WARN__DUPLICATE_METHOD_MATCH = YES;
				"CODE_SIGN_IDENTITY[sdk=iphoneos*]" = "iPhone Developer";
				COPY_PHASE_STRIP = NO;
				GCC_C_LANGUAGE_STANDARD = gnu99;
				GCC_DYNAMIC_NO_PIC = NO;
				GCC_OPTIMIZATION_LEVEL = 0;
				GCC_PREPROCESSOR_DEFINITIONS = (
					"DEBUG=1",
					"$(inherited)",
				);
				GCC_SYMBOLS_PRIVATE_EXTERN = NO;
				GCC_WARN_64_TO_32_BIT_CONVERSION = YES;
				GCC_WARN_ABOUT_RETURN_TYPE = YES_ERROR;
				GCC_WARN_UNDECLARED_SELECTOR = YES;
				GCC_WARN_UNINITIALIZED_AUTOS = YES_AGGRESSIVE;
				GCC_WARN_UNUSED_FUNCTION = YES;
				GCC_WARN_UNUSED_VARIABLE = YES;
				IPHONEOS_DEPLOYMENT_TARGET = 7.1;
				ONLY_ACTIVE_ARCH = YES;
				SDKROOT = iphoneos;
			};
			name = Debug;
		};
		6DA0A64219433463001EBF83 /* Release */ = {
			isa = XCBuildConfiguration;
			buildSettings = {
				ALWAYS_SEARCH_USER_PATHS = NO;
				CLANG_CXX_LANGUAGE_STANDARD = "gnu++0x";
				CLANG_CXX_LIBRARY = "libc++";
				CLANG_ENABLE_MODULES = YES;
				CLANG_ENABLE_OBJC_ARC = YES;
				CLANG_WARN_BOOL_CONVERSION = YES;
				CLANG_WARN_CONSTANT_CONVERSION = YES;
				CLANG_WARN_DIRECT_OBJC_ISA_USAGE = YES_ERROR;
				CLANG_WARN_EMPTY_BODY = YES;
				CLANG_WARN_ENUM_CONVERSION = YES;
				CLANG_WARN_INT_CONVERSION = YES;
				CLANG_WARN_OBJC_ROOT_CLASS = YES_ERROR;
				CLANG_WARN__DUPLICATE_METHOD_MATCH = YES;
				"CODE_SIGN_IDENTITY[sdk=iphoneos*]" = "iPhone Developer";
				COPY_PHASE_STRIP = YES;
				ENABLE_NS_ASSERTIONS = NO;
				GCC_C_LANGUAGE_STANDARD = gnu99;
				GCC_WARN_64_TO_32_BIT_CONVERSION = YES;
				GCC_WARN_ABOUT_RETURN_TYPE = YES_ERROR;
				GCC_WARN_UNDECLARED_SELECTOR = YES;
				GCC_WARN_UNINITIALIZED_AUTOS = YES_AGGRESSIVE;
				GCC_WARN_UNUSED_FUNCTION = YES;
				GCC_WARN_UNUSED_VARIABLE = YES;
				IPHONEOS_DEPLOYMENT_TARGET = 7.1;
				SDKROOT = iphoneos;
				VALIDATE_PRODUCT = YES;
			};
			name = Release;
		};
		6DA0A64419433463001EBF83 /* Debug */ = {
			isa = XCBuildConfiguration;
			buildSettings = {
				ASSETCATALOG_COMPILER_APPICON_NAME = AppIcon;
				ASSETCATALOG_COMPILER_LAUNCHIMAGE_NAME = LaunchImage;
				GCC_PRECOMPILE_PREFIX_HEADER = YES;
				GCC_PREFIX_HEADER = "t2/t2-Prefix.pch";
				INFOPLIST_FILE = "t2/t2-Info.plist";
				PRODUCT_NAME = "$(TARGET_NAME)";
				WRAPPER_EXTENSION = app;
			};
			name = Debug;
		};
		6DA0A64519433463001EBF83 /* Release */ = {
			isa = XCBuildConfiguration;
			buildSettings = {
				ASSETCATALOG_COMPILER_APPICON_NAME = AppIcon;
				ASSETCATALOG_COMPILER_LAUNCHIMAGE_NAME = LaunchImage;
				GCC_PRECOMPILE_PREFIX_HEADER = YES;
				GCC_PREFIX_HEADER = "t2/t2-Prefix.pch";
				INFOPLIST_FILE = "t2/t2-Info.plist";
				PRODUCT_NAME = "$(TARGET_NAME)";
				WRAPPER_EXTENSION = app;
			};
			name = Release;
		};
		6DA0A64719433463001EBF83 /* Debug */ = {
			isa = XCBuildConfiguration;
			buildSettings = {
				BUNDLE_LOADER = "$(BUILT_PRODUCTS_DIR)/t2.app/t2";
				FRAMEWORK_SEARCH_PATHS = (
					"$(SDKROOT)/Developer/Library/Frameworks",
					"$(inherited)",
					"$(DEVELOPER_FRAMEWORKS_DIR)",
				);
				GCC_PRECOMPILE_PREFIX_HEADER = YES;
				GCC_PREFIX_HEADER = "t2/t2-Prefix.pch";
				GCC_PREPROCESSOR_DEFINITIONS = (
					"DEBUG=1",
					"$(inherited)",
				);
				INFOPLIST_FILE = "t2Tests/t2Tests-Info.plist";
				PRODUCT_NAME = "$(TARGET_NAME)";
				TEST_HOST = "$(BUNDLE_LOADER)";
				WRAPPER_EXTENSION = xctest;
			};
			name = Debug;
		};
		6DA0A64819433463001EBF83 /* Release */ = {
			isa = XCBuildConfiguration;
			buildSettings = {
				BUNDLE_LOADER = "$(BUILT_PRODUCTS_DIR)/t2.app/t2";
				FRAMEWORK_SEARCH_PATHS = (
					"$(SDKROOT)/Developer/Library/Frameworks",
					"$(inherited)",
					"$(DEVELOPER_FRAMEWORKS_DIR)",
				);
				GCC_PRECOMPILE_PREFIX_HEADER = YES;
				GCC_PREFIX_HEADER = "t2/t2-Prefix.pch";
				INFOPLIST_FILE = "t2Tests/t2Tests-Info.plist";
				PRODUCT_NAME = "$(TARGET_NAME)";
				TEST_HOST = "$(BUNDLE_LOADER)";
				WRAPPER_EXTENSION = xctest;
			};
			name = Release;
		};
/* End XCBuildConfiguration section */

/* Begin XCConfigurationList section */
		6DA0A61219433463001EBF83 /* Build configuration list for PBXProject "t2" */ = {
			isa = XCConfigurationList;
			buildConfigurations = (
				6DA0A64119433463001EBF83 /* Debug */,
				6DA0A64219433463001EBF83 /* Release */,
			);
			defaultConfigurationIsVisible = 0;
			defaultConfigurationName = Release;
		};
		6DA0A64319433463001EBF83 /* Build configuration list for PBXNativeTarget "t2" */ = {
			isa = XCConfigurationList;
			buildConfigurations = (
				6DA0A64419433463001EBF83 /* Debug */,
				6DA0A64519433463001EBF83 /* Release */,
			);
			defaultConfigurationIsVisible = 0;
		};
		6DA0A64619433463001EBF83 /* Build configuration list for PBXNativeTarget "t2Tests" */ = {
			isa = XCConfigurationList;
			buildConfigurations = (
				6DA0A64719433463001EBF83 /* Debug */,
				6DA0A64819433463001EBF83 /* Release */,
			);
			defaultConfigurationIsVisible = 0;
		};
/* End XCConfigurationList section */
	};
	rootObject = 6DA0A60F19433463001EBF83 /* Project object */;
}
